// !$*UTF8*$!
{
	archiveVersion = 1;
	classes = {
	};
	objectVersion = 56;
	objects = {

/* Begin PBXBuildFile section */
		2DDBD2985ACB01BD87ED1803 /* Pods_MyFFmpegDemo.framework in Frameworks */ = {isa = PBXBuildFile; fileRef = 059302E74A7C79594E36E82A /* Pods_MyFFmpegDemo.framework */; };
		3DCF6E532D54B7E7007A651C /* AppDelegate.swift in Sources */ = {isa = PBXBuildFile; fileRef = 3DCF6E522D54B7E7007A651C /* AppDelegate.swift */; };
		3DCF6E552D54B7E7007A651C /* SceneDelegate.swift in Sources */ = {isa = PBXBuildFile; fileRef = 3DCF6E542D54B7E7007A651C /* SceneDelegate.swift */; };
		3DCF6E572D54B7E7007A651C /* ViewController.swift in Sources */ = {isa = PBXBuildFile; fileRef = 3DCF6E562D54B7E7007A651C /* ViewController.swift */; };
		3DCF6E5A2D54B7E7007A651C /* Base in Resources */ = {isa = PBXBuildFile; fileRef = 3DCF6E592D54B7E7007A651C /* Base */; };
		3DCF6E5C2D54B7E8007A651C /* Assets.xcassets in Resources */ = {isa = PBXBuildFile; fileRef = 3DCF6E5B2D54B7E8007A651C /* Assets.xcassets */; };
		3DCF6E5F2D54B7E8007A651C /* Base in Resources */ = {isa = PBXBuildFile; fileRef = 3DCF6E5E2D54B7E8007A651C /* Base */; };
/* End PBXBuildFile section */

/* Begin PBXFileReference section */
		059302E74A7C79594E36E82A /* Pods_MyFFmpegDemo.framework */ = {isa = PBXFileReference; explicitFileType = wrapper.framework; includeInIndex = 0; path = Pods_MyFFmpegDemo.framework; sourceTree = BUILT_PRODUCTS_DIR; };
		0859B54B6D5C7C9241CBEDA3 /* Pods-MyFFmpegDemo.release.xcconfig */ = {isa = PBXFileReference; includeInIndex = 1; lastKnownFileType = text.xcconfig; name = "Pods-MyFFmpegDemo.release.xcconfig"; path = "Target Support Files/Pods-MyFFmpegDemo/Pods-MyFFmpegDemo.release.xcconfig"; sourceTree = "<group>"; };
		3DCF6E4F2D54B7E7007A651C /* MyFFmpegDemo.app */ = {isa = PBXFileReference; explicitFileType = wrapper.application; includeInIndex = 0; path = MyFFmpegDemo.app; sourceTree = BUILT_PRODUCTS_DIR; };
		3DCF6E522D54B7E7007A651C /* AppDelegate.swift */ = {isa = PBXFileReference; lastKnownFileType = sourcecode.swift; path = AppDelegate.swift; sourceTree = "<group>"; };
		3DCF6E542D54B7E7007A651C /* SceneDelegate.swift */ = {isa = PBXFileReference; lastKnownFileType = sourcecode.swift; path = SceneDelegate.swift; sourceTree = "<group>"; };
		3DCF6E562D54B7E7007A651C /* ViewController.swift */ = {isa = PBXFileReference; lastKnownFileType = sourcecode.swift; path = ViewController.swift; sourceTree = "<group>"; };
		3DCF6E592D54B7E7007A651C /* Base */ = {isa = PBXFileReference; lastKnownFileType = file.storyboard; name = Base; path = Base.lproj/Main.storyboard; sourceTree = "<group>"; };
		3DCF6E5B2D54B7E8007A651C /* Assets.xcassets */ = {isa = PBXFileReference; lastKnownFileType = folder.assetcatalog; path = Assets.xcassets; sourceTree = "<group>"; };
		3DCF6E5E2D54B7E8007A651C /* Base */ = {isa = PBXFileReference; lastKnownFileType = file.storyboard; name = Base; path = Base.lproj/LaunchScreen.storyboard; sourceTree = "<group>"; };
		3DCF6E602D54B7E8007A651C /* Info.plist */ = {isa = PBXFileReference; lastKnownFileType = text.plist.xml; path = Info.plist; sourceTree = "<group>"; };
		3DCF6E662D54B885007A651C /* MyFFmpegDemo-Bridging-Header.h */ = {isa = PBXFileReference; lastKnownFileType = sourcecode.c.h; path = "MyFFmpegDemo-Bridging-Header.h"; sourceTree = "<group>"; };
		8BE2970FE9D7DCE894856727 /* Pods-MyFFmpegDemo.debug.xcconfig */ = {isa = PBXFileReference; includeInIndex = 1; lastKnownFileType = text.xcconfig; name = "Pods-MyFFmpegDemo.debug.xcconfig"; path = "Target Support Files/Pods-MyFFmpegDemo/Pods-MyFFmpegDemo.debug.xcconfig"; sourceTree = "<group>"; };
/* End PBXFileReference section */

/* Begin PBXFrameworksBuildPhase section */
		3DCF6E4C2D54B7E7007A651C /* Frameworks */ = {
			isa = PBXFrameworksBuildPhase;
			buildActionMask = 2147483647;
			files = (
				2DDBD2985ACB01BD87ED1803 /* Pods_MyFFmpegDemo.framework in Frameworks */,
			);
			runOnlyForDeploymentPostprocessing = 0;
		};
/* End PBXFrameworksBuildPhase section */

/* Begin PBXGroup section */
		3DCF6E462D54B7E7007A651C = {
			isa = PBXGroup;
			children = (
				3DCF6E512D54B7E7007A651C /* MyFFmpegDemo */,
				3DCF6E502D54B7E7007A651C /* Products */,
				802149672D7784C6D998FD4B /* Pods */,
				D7E27951F68FADE80E9E772E /* Frameworks */,
			);
			sourceTree = "<group>";
		};
		3DCF6E502D54B7E7007A651C /* Products */ = {
			isa = PBXGroup;
			children = (
				3DCF6E4F2D54B7E7007A651C /* MyFFmpegDemo.app */,
			);
			name = Products;
			sourceTree = "<group>";
		};
		3DCF6E512D54B7E7007A651C /* MyFFmpegDemo */ = {
			isa = PBXGroup;
			children = (
				3DCF6E522D54B7E7007A651C /* AppDelegate.swift */,
				3DCF6E542D54B7E7007A651C /* SceneDelegate.swift */,
				3DCF6E562D54B7E7007A651C /* ViewController.swift */,
				3DCF6E582D54B7E7007A651C /* Main.storyboard */,
				3DCF6E5B2D54B7E8007A651C /* Assets.xcassets */,
				3DCF6E5D2D54B7E8007A651C /* LaunchScreen.storyboard */,
				3DCF6E602D54B7E8007A651C /* Info.plist */,
				3DCF6E662D54B885007A651C /* MyFFmpegDemo-Bridging-Header.h */,
			);
			path = MyFFmpegDemo;
			sourceTree = "<group>";
		};
		802149672D7784C6D998FD4B /* Pods */ = {
			isa = PBXGroup;
			children = (
				8BE2970FE9D7DCE894856727 /* Pods-MyFFmpegDemo.debug.xcconfig */,
				0859B54B6D5C7C9241CBEDA3 /* Pods-MyFFmpegDemo.release.xcconfig */,
			);
			path = Pods;
			sourceTree = "<group>";
		};
		D7E27951F68FADE80E9E772E /* Frameworks */ = {
			isa = PBXGroup;
			children = (
				059302E74A7C79594E36E82A /* Pods_MyFFmpegDemo.framework */,
			);
			name = Frameworks;
			sourceTree = "<group>";
		};
/* End PBXGroup section */

/* Begin PBXNativeTarget section */
		3DCF6E4E2D54B7E7007A651C /* MyFFmpegDemo */ = {
			isa = PBXNativeTarget;
			buildConfigurationList = 3DCF6E632D54B7E8007A651C /* Build configuration list for PBXNativeTarget "MyFFmpegDemo" */;
			buildPhases = (
				905C3FE8486BC75D2E496572 /* [CP] Check Pods Manifest.lock */,
				3DCF6E4B2D54B7E7007A651C /* Sources */,
				3DCF6E4C2D54B7E7007A651C /* Frameworks */,
				3DCF6E4D2D54B7E7007A651C /* Resources */,
				83BC20614635E6DADE1117E9 /* [CP] Embed Pods Frameworks */,
			);
			buildRules = (
			);
			dependencies = (
			);
			name = MyFFmpegDemo;
			productName = MyFFmpegDemo;
			productReference = 3DCF6E4F2D54B7E7007A651C /* MyFFmpegDemo.app */;
			productType = "com.apple.product-type.application";
		};
/* End PBXNativeTarget section */

/* Begin PBXProject section */
		3DCF6E472D54B7E7007A651C /* Project object */ = {
			isa = PBXProject;
			attributes = {
				BuildIndependentTargetsInParallel = 1;
				LastSwiftUpdateCheck = 1530;
				LastUpgradeCheck = 1530;
				TargetAttributes = {
					3DCF6E4E2D54B7E7007A651C = {
						CreatedOnToolsVersion = 15.3;
						LastSwiftMigration = 1530;
					};
				};
			};
			buildConfigurationList = 3DCF6E4A2D54B7E7007A651C /* Build configuration list for PBXProject "MyFFmpegDemo" */;
			compatibilityVersion = "Xcode 14.0";
			developmentRegion = en;
			hasScannedForEncodings = 0;
			knownRegions = (
				en,
				Base,
			);
			mainGroup = 3DCF6E462D54B7E7007A651C;
			productRefGroup = 3DCF6E502D54B7E7007A651C /* Products */;
			projectDirPath = "";
			projectRoot = "";
			targets = (
				3DCF6E4E2D54B7E7007A651C /* MyFFmpegDemo */,
			);
		};
/* End PBXProject section */

/* Begin PBXResourcesBuildPhase section */
		3DCF6E4D2D54B7E7007A651C /* Resources */ = {
			isa = PBXResourcesBuildPhase;
			buildActionMask = 2147483647;
			files = (
				3DCF6E5C2D54B7E8007A651C /* Assets.xcassets in Resources */,
				3DCF6E5F2D54B7E8007A651C /* Base in Resources */,
				3DCF6E5A2D54B7E7007A651C /* Base in Resources */,
			);
			runOnlyForDeploymentPostprocessing = 0;
		};
/* End PBXResourcesBuildPhase section */

/* Begin PBXShellScriptBuildPhase section */
		83BC20614635E6DADE1117E9 /* [CP] Embed Pods Frameworks */ = {
			isa = PBXShellScriptBuildPhase;
			buildActionMask = 2147483647;
			files = (
			);
			inputFileListPaths = (
				"${PODS_ROOT}/Target Support Files/Pods-MyFFmpegDemo/Pods-MyFFmpegDemo-frameworks-${CONFIGURATION}-input-files.xcfilelist",
			);
			name = "[CP] Embed Pods Frameworks";
			outputFileListPaths = (
				"${PODS_ROOT}/Target Support Files/Pods-MyFFmpegDemo/Pods-MyFFmpegDemo-frameworks-${CONFIGURATION}-output-files.xcfilelist",
			);
			runOnlyForDeploymentPostprocessing = 0;
			shellPath = /bin/sh;
			shellScript = "\"${PODS_ROOT}/Target Support Files/Pods-MyFFmpegDemo/Pods-MyFFmpegDemo-frameworks.sh\"\n";
			showEnvVarsInLog = 0;
		};
		905C3FE8486BC75D2E496572 /* [CP] Check Pods Manifest.lock */ = {
			isa = PBXShellScriptBuildPhase;
			buildActionMask = 2147483647;
			files = (
			);
			inputFileListPaths = (
			);
			inputPaths = (
				"${PODS_PODFILE_DIR_PATH}/Podfile.lock",
				"${PODS_ROOT}/Manifest.lock",
			);
			name = "[CP] Check Pods Manifest.lock";
			outputFileListPaths = (
			);
			outputPaths = (
				"$(DERIVED_FILE_DIR)/Pods-MyFFmpegDemo-checkManifestLockResult.txt",
			);
			runOnlyForDeploymentPostprocessing = 0;
			shellPath = /bin/sh;
			shellScript = "diff \"${PODS_PODFILE_DIR_PATH}/Podfile.lock\" \"${PODS_ROOT}/Manifest.lock\" > /dev/null\nif [ $? != 0 ] ; then\n    # print error to STDERR\n    echo \"error: The sandbox is not in sync with the Podfile.lock. Run 'pod install' or update your CocoaPods installation.\" >&2\n    exit 1\nfi\n# This output is used by Xcode 'outputs' to avoid re-running this script phase.\necho \"SUCCESS\" > \"${SCRIPT_OUTPUT_FILE_0}\"\n";
			showEnvVarsInLog = 0;
		};
/* End PBXShellScriptBuildPhase section */

/* Begin PBXSourcesBuildPhase section */
		3DCF6E4B2D54B7E7007A651C /* Sources */ = {
			isa = PBXSourcesBuildPhase;
			buildActionMask = 2147483647;
			files = (
				3DCF6E572D54B7E7007A651C /* ViewController.swift in Sources */,
				3DCF6E532D54B7E7007A651C /* AppDelegate.swift in Sources */,
				3DCF6E552D54B7E7007A651C /* SceneDelegate.swift in Sources */,
			);
			runOnlyForDeploymentPostprocessing = 0;
		};
/* End PBXSourcesBuildPhase section */

/* Begin PBXVariantGroup section */
		3DCF6E582D54B7E7007A651C /* Main.storyboard */ = {
			isa = PBXVariantGroup;
			children = (
				3DCF6E592D54B7E7007A651C /* Base */,
			);
			name = Main.storyboard;
			sourceTree = "<group>";
		};
		3DCF6E5D2D54B7E8007A651C /* LaunchScreen.storyboard */ = {
			isa = PBXVariantGroup;
			children = (
				3DCF6E5E2D54B7E8007A651C /* Base */,
			);
			name = LaunchScreen.storyboard;
			sourceTree = "<group>";
		};
/* End PBXVariantGroup section */

/* Begin XCBuildConfiguration section */
		3DCF6E612D54B7E8007A651C /* Debug */ = {
			isa = XCBuildConfiguration;
			buildSettings = {
				ALWAYS_SEARCH_USER_PATHS = NO;
				ASSETCATALOG_COMPILER_GENERATE_SWIFT_ASSET_SYMBOL_EXTENSIONS = YES;
				CLANG_ANALYZER_NONNULL = YES;
				CLANG_ANALYZER_NUMBER_OBJECT_CONVERSION = YES_AGGRESSIVE;
				CLANG_CXX_LANGUAGE_STANDARD = "gnu++20";
				CLANG_ENABLE_MODULES = YES;
				CLANG_ENABLE_OBJC_ARC = YES;
				CLANG_ENABLE_OBJC_WEAK = YES;
				CLANG_WARN_BLOCK_CAPTURE_AUTORELEASING = YES;
				CLANG_WARN_BOOL_CONVERSION = YES;
				CLANG_WARN_COMMA = YES;
				CLANG_WARN_CONSTANT_CONVERSION = YES;
				CLANG_WARN_DEPRECATED_OBJC_IMPLEMENTATIONS = YES;
				CLANG_WARN_DIRECT_OBJC_ISA_USAGE = YES_ERROR;
				CLANG_WARN_DOCUMENTATION_COMMENTS = YES;
				CLANG_WARN_EMPTY_BODY = YES;
				CLANG_WARN_ENUM_CONVERSION = YES;
				CLANG_WARN_INFINITE_RECURSION = YES;
				CLANG_WARN_INT_CONVERSION = YES;
				CLANG_WARN_NON_LITERAL_NULL_CONVERSION = YES;
				CLANG_WARN_OBJC_IMPLICIT_RETAIN_SELF = YES;
				CLANG_WARN_OBJC_LITERAL_CONVERSION = YES;
				CLANG_WARN_OBJC_ROOT_CLASS = YES_ERROR;
				CLANG_WARN_QUOTED_INCLUDE_IN_FRAMEWORK_HEADER = YES;
				CLANG_WARN_RANGE_LOOP_ANALYSIS = YES;
				CLANG_WARN_STRICT_PROTOTYPES = YES;
				CLANG_WARN_SUSPICIOUS_MOVE = YES;
				CLANG_WARN_UNGUARDED_AVAILABILITY = YES_AGGRESSIVE;
				CLANG_WARN_UNREACHABLE_CODE = YES;
				CLANG_WARN__DUPLICATE_METHOD_MATCH = YES;
				COPY_PHASE_STRIP = NO;
				DEBUG_INFORMATION_FORMAT = dwarf;
				ENABLE_STRICT_OBJC_MSGSEND = YES;
				ENABLE_TESTABILITY = YES;
				ENABLE_USER_SCRIPT_SANDBOXING = YES;
				GCC_C_LANGUAGE_STANDARD = gnu17;
				GCC_DYNAMIC_NO_PIC = NO;
				GCC_NO_COMMON_BLOCKS = YES;
				GCC_OPTIMIZATION_LEVEL = 0;
				GCC_PREPROCESSOR_DEFINITIONS = (
					"DEBUG=1",
					"$(inherited)",
				);
				GCC_WARN_64_TO_32_BIT_CONVERSION = YES;
				GCC_WARN_ABOUT_RETURN_TYPE = YES_ERROR;
				GCC_WARN_UNDECLARED_SELECTOR = YES;
				GCC_WARN_UNINITIALIZED_AUTOS = YES_AGGRESSIVE;
				GCC_WARN_UNUSED_FUNCTION = YES;
				GCC_WARN_UNUSED_VARIABLE = YES;
				IPHONEOS_DEPLOYMENT_TARGET = 12.4;
				LOCALIZATION_PREFERS_STRING_CATALOGS = YES;
				MTL_ENABLE_DEBUG_INFO = INCLUDE_SOURCE;
				MTL_FAST_MATH = YES;
				ONLY_ACTIVE_ARCH = YES;
				SDKROOT = iphoneos;
				SWIFT_ACTIVE_COMPILATION_CONDITIONS = "DEBUG $(inherited)";
				SWIFT_OPTIMIZATION_LEVEL = "-Onone";
			};
			name = Debug;
		};
		3DCF6E622D54B7E8007A651C /* Release */ = {
			isa = XCBuildConfiguration;
			buildSettings = {
				ALWAYS_SEARCH_USER_PATHS = NO;
				ASSETCATALOG_COMPILER_GENERATE_SWIFT_ASSET_SYMBOL_EXTENSIONS = YES;
				CLANG_ANALYZER_NONNULL = YES;
				CLANG_ANALYZER_NUMBER_OBJECT_CONVERSION = YES_AGGRESSIVE;
				CLANG_CXX_LANGUAGE_STANDARD = "gnu++20";
				CLANG_ENABLE_MODULES = YES;
				CLANG_ENABLE_OBJC_ARC = YES;
				CLANG_ENABLE_OBJC_WEAK = YES;
				CLANG_WARN_BLOCK_CAPTURE_AUTORELEASING = YES;
				CLANG_WARN_BOOL_CONVERSION = YES;
				CLANG_WARN_COMMA = YES;
				CLANG_WARN_CONSTANT_CONVERSION = YES;
				CLANG_WARN_DEPRECATED_OBJC_IMPLEMENTATIONS = YES;
				CLANG_WARN_DIRECT_OBJC_ISA_USAGE = YES_ERROR;
				CLANG_WARN_DOCUMENTATION_COMMENTS = YES;
				CLANG_WARN_EMPTY_BODY = YES;
				CLANG_WARN_ENUM_CONVERSION = YES;
				CLANG_WARN_INFINITE_RECURSION = YES;
				CLANG_WARN_INT_CONVERSION = YES;
				CLANG_WARN_NON_LITERAL_NULL_CONVERSION = YES;
				CLANG_WARN_OBJC_IMPLICIT_RETAIN_SELF = YES;
				CLANG_WARN_OBJC_LITERAL_CONVERSION = YES;
				CLANG_WARN_OBJC_ROOT_CLASS = YES_ERROR;
				CLANG_WARN_QUOTED_INCLUDE_IN_FRAMEWORK_HEADER = YES;
				CLANG_WARN_RANGE_LOOP_ANALYSIS = YES;
				CLANG_WARN_STRICT_PROTOTYPES = YES;
				CLANG_WARN_SUSPICIOUS_MOVE = YES;
				CLANG_WARN_UNGUARDED_AVAILABILITY = YES_AGGRESSIVE;
				CLANG_WARN_UNREACHABLE_CODE = YES;
				CLANG_WARN__DUPLICATE_METHOD_MATCH = YES;
				COPY_PHASE_STRIP = NO;
				DEBUG_INFORMATION_FORMAT = "dwarf-with-dsym";
				ENABLE_NS_ASSERTIONS = NO;
				ENABLE_STRICT_OBJC_MSGSEND = YES;
				ENABLE_USER_SCRIPT_SANDBOXING = YES;
				GCC_C_LANGUAGE_STANDARD = gnu17;
				GCC_NO_COMMON_BLOCKS = YES;
				GCC_WARN_64_TO_32_BIT_CONVERSION = YES;
				GCC_WARN_ABOUT_RETURN_TYPE = YES_ERROR;
				GCC_WARN_UNDECLARED_SELECTOR = YES;
				GCC_WARN_UNINITIALIZED_AUTOS = YES_AGGRESSIVE;
				GCC_WARN_UNUSED_FUNCTION = YES;
				GCC_WARN_UNUSED_VARIABLE = YES;
				IPHONEOS_DEPLOYMENT_TARGET = 12.4;
				LOCALIZATION_PREFERS_STRING_CATALOGS = YES;
				MTL_ENABLE_DEBUG_INFO = NO;
				MTL_FAST_MATH = YES;
				SDKROOT = iphoneos;
				SWIFT_COMPILATION_MODE = wholemodule;
				VALIDATE_PRODUCT = YES;
			};
			name = Release;
		};
		3DCF6E642D54B7E8007A651C /* Debug */ = {
			isa = XCBuildConfiguration;
			baseConfigurationReference = 8BE2970FE9D7DCE894856727 /* Pods-MyFFmpegDemo.debug.xcconfig */;
			buildSettings = {
				ASSETCATALOG_COMPILER_APPICON_NAME = AppIcon;
				ASSETCATALOG_COMPILER_GLOBAL_ACCENT_COLOR_NAME = AccentColor;
				CLANG_ENABLE_MODULES = YES;
				CODE_SIGN_STYLE = Automatic;
				CURRENT_PROJECT_VERSION = 1;
				DEVELOPMENT_TEAM = WQY22NYBDF;
				ENABLE_USER_SCRIPT_SANDBOXING = NO;
				GENERATE_INFOPLIST_FILE = YES;
				INFOPLIST_FILE = MyFFmpegDemo/Info.plist;
				INFOPLIST_KEY_UIApplicationSupportsIndirectInputEvents = YES;
				INFOPLIST_KEY_UILaunchStoryboardName = LaunchScreen;
				INFOPLIST_KEY_UIMainStoryboardFile = Main;
				INFOPLIST_KEY_UISupportedInterfaceOrientations_iPad = "UIInterfaceOrientationPortrait UIInterfaceOrientationPortraitUpsideDown UIInterfaceOrientationLandscapeLeft UIInterfaceOrientationLandscapeRight";
				INFOPLIST_KEY_UISupportedInterfaceOrientations_iPhone = "UIInterfaceOrientationPortrait UIInterfaceOrientationLandscapeLeft UIInterfaceOrientationLandscapeRight";
				IPHONEOS_DEPLOYMENT_TARGET = 12.4;
				LD_RUNPATH_SEARCH_PATHS = (
					"$(inherited)",
					"@executable_path/Frameworks",
				);
				MARKETING_VERSION = 1.0;
				PRODUCT_BUNDLE_IDENTIFIER = com.magically;
				PRODUCT_NAME = "$(TARGET_NAME)";
				SWIFT_EMIT_LOC_STRINGS = YES;
				SWIFT_OBJC_BRIDGING_HEADER = "MyFFmpegDemo/MyFFmpegDemo-Bridging-Header.h";
				SWIFT_OPTIMIZATION_LEVEL = "-Onone";
				SWIFT_VERSION = 5.0;
				TARGETED_DEVICE_FAMILY = "1,2";
			};
			name = Debug;
		};
		3DCF6E652D54B7E8007A651C /* Release */ = {
			isa = XCBuildConfiguration;
			baseConfigurationReference = 0859B54B6D5C7C9241CBEDA3 /* Pods-MyFFmpegDemo.release.xcconfig */;
			buildSettings = {
				ASSETCATALOG_COMPILER_APPICON_NAME = AppIcon;
				ASSETCATALOG_COMPILER_GLOBAL_ACCENT_COLOR_NAME = AccentColor;
				CLANG_ENABLE_MODULES = YES;
				CODE_SIGN_STYLE = Automatic;
				CURRENT_PROJECT_VERSION = 1;
				DEVELOPMENT_TEAM = WQY22NYBDF;
				ENABLE_USER_SCRIPT_SANDBOXING = NO;
				GENERATE_INFOPLIST_FILE = YES;
				INFOPLIST_FILE = MyFFmpegDemo/Info.plist;
				INFOPLIST_KEY_UIApplicationSupportsIndirectInputEvents = YES;
				INFOPLIST_KEY_UILaunchStoryboardName = LaunchScreen;
				INFOPLIST_KEY_UIMainStoryboardFile = Main;
				INFOPLIST_KEY_UISupportedInterfaceOrientations_iPad = "UIInterfaceOrientationPortrait UIInterfaceOrientationPortraitUpsideDown UIInterfaceOrientationLandscapeLeft UIInterfaceOrientationLandscapeRight";
				INFOPLIST_KEY_UISupportedInterfaceOrientations_iPhone = "UIInterfaceOrientationPortrait UIInterfaceOrientationLandscapeLeft UIInterfaceOrientationLandscapeRight";
				IPHONEOS_DEPLOYMENT_TARGET = 12.4;
				LD_RUNPATH_SEARCH_PATHS = (
					"$(inherited)",
					"@executable_path/Frameworks",
				);
				MARKETING_VERSION = 1.0;
				PRODUCT_BUNDLE_IDENTIFIER = com.magically;
				PRODUCT_NAME = "$(TARGET_NAME)";
				SWIFT_EMIT_LOC_STRINGS = YES;
				SWIFT_OBJC_BRIDGING_HEADER = "MyFFmpegDemo/MyFFmpegDemo-Bridging-Header.h";
				SWIFT_VERSION = 5.0;
				TARGETED_DEVICE_FAMILY = "1,2";
			};
			name = Release;
		};
/* End XCBuildConfiguration section */

/* Begin XCConfigurationList section */
		3DCF6E4A2D54B7E7007A651C /* Build configuration list for PBXProject "MyFFmpegDemo" */ = {
			isa = XCConfigurationList;
			buildConfigurations = (
				3DCF6E612D54B7E8007A651C /* Debug */,
				3DCF6E622D54B7E8007A651C /* Release */,
			);
			defaultConfigurationIsVisible = 0;
			defaultConfigurationName = Release;
		};
		3DCF6E632D54B7E8007A651C /* Build configuration list for PBXNativeTarget "MyFFmpegDemo" */ = {
			isa = XCConfigurationList;
			buildConfigurations = (
				3DCF6E642D54B7E8007A651C /* Debug */,
				3DCF6E652D54B7E8007A651C /* Release */,
			);
			defaultConfigurationIsVisible = 0;
			defaultConfigurationName = Release;
		};
/* End XCConfigurationList section */
	};
	rootObject = 3DCF6E472D54B7E7007A651C /* Project object */;
}
